
Microsoft Visual Studio Solution File, Format Version 12.00
# Visual Studio Version 17
VisualStudioVersion = 17.0.32126.317
MinimumVisualStudioVersion = 10.0.40219.1
Project("{FAE04EC0-301F-11D3-BF4B-00C04F79EFBC}") = "Api.Estacionamento", "Api.Estacionamento\Api.Estacionamento.csproj", "{17EBEAEA-EE08-47A3-B7B7-F0EE57F446E9}"
EndProject
Project("{FAE04EC0-301F-11D3-BF4B-00C04F79EFBC}") = "Estacionamento.Tests", "Estacionamento.Tests\Estacionamento.Tests.csproj", "{4BBBF083-C7BC-4440-A190-AA51C6909352}"
EndProject
Global
	GlobalSection(SolutionConfigurationPlatforms) = preSolution
		Debug|Any CPU = Debug|Any CPU
		Release|Any CPU = Release|Any CPU
	EndGlobalSection
	GlobalSection(ProjectConfigurationPlatforms) = postSolution
		{17EBEAEA-EE08-47A3-B7B7-F0EE57F446E9}.Debug|Any CPU.ActiveCfg = Debug|Any CPU
		{17EBEAEA-EE08-47A3-B7B7-F0EE57F446E9}.Debug|Any CPU.Build.0 = Debug|Any CPU
		{17EBEAEA-EE08-47A3-B7B7-F0EE57F446E9}.Release|Any CPU.ActiveCfg = Release|Any CPU
		{17EBEAEA-EE08-47A3-B7B7-F0EE57F446E9}.Release|Any CPU.Build.0 = Release|Any CPU
		{4BBBF083-C7BC-4440-A190-AA51C6909352}.Debug|Any CPU.ActiveCfg = Debug|Any CPU
		{4BBBF083-C7BC-4440-A190-AA51C6909352}.Debug|Any CPU.Build.0 = Debug|Any CPU
		{4BBBF083-C7BC-4440-A190-AA51C6909352}.Release|Any CPU.ActiveCfg = Release|Any CPU
		{4BBBF083-C7BC-4440-A190-AA51C6909352}.Release|Any CPU.Build.0 = Release|Any CPU
	EndGlobalSection
	GlobalSection(SolutionProperties) = preSolution
		HideSolutionNode = FALSE
	EndGlobalSection
	GlobalSection(ExtensibilityGlobals) = postSolution
		SolutionGuid = {3ADF6709-550A-4EA1-B76F-32B8EAEA740E}
	EndGlobalSection
EndGlobal
